
Microsoft Visual Studio Solution File, Format Version 12.00
# Visual Studio 2012
Project("{FAE04EC0-301F-11D3-BF4B-00C04F79EFBC}") = "SSO", "SSO\SSO.csproj", "{AD02AD8C-7CEB-45BA-97F0-39041705CF63}"
EndProject
Project("{FAE04EC0-301F-11D3-BF4B-00C04F79EFBC}") = "MvcApplication1", "MvcApplication1\MvcApplication1.csproj", "{8E6D38C1-91D9-4336-8339-9E79C9BCC1B3}"
EndProject
Project("{FAE04EC0-301F-11D3-BF4B-00C04F79EFBC}") = "MvcApplication2", "MvcApplication2\MvcApplication2.csproj", "{3A44B10E-712D-4942-9916-2E1508DFC451}"
EndProject
Project("{2150E333-8FDC-42A3-9474-1A3956D46DE8}") = "Claim", "Claim", "{D17005E6-3563-44A3-9CB3-7771E07C0AB6}"
EndProject
Project("{FAE04EC0-301F-11D3-BF4B-00C04F79EFBC}") = "Example1", "Example1\Example1.csproj", "{9B14B001-1D5D-49C0-A5F2-4E114C19683B}"
EndProject
Project("{FAE04EC0-301F-11D3-BF4B-00C04F79EFBC}") = "Example2", "Example2\Example2.csproj", "{AF6B28B5-DD78-4A81-B02C-4963EE1D7A56}"
EndProject
Project("{FAE04EC0-301F-11D3-BF4B-00C04F79EFBC}") = "Claims.Security", "Claims.Security\Claims.Security.csproj", "{973B2F81-E3CD-412D-AB86-A2C4AC24A2B9}"
EndProject
Project("{2150E333-8FDC-42A3-9474-1A3956D46DE8}") = "Console", "Console", "{48B3AC66-8204-4FA4-9297-1910E943A1FC}"
EndProject
Project("{FAE04EC0-301F-11D3-BF4B-00C04F79EFBC}") = "CatchBreak", "CatchBreak\CatchBreak.csproj", "{CE104A7E-50A9-442D-8923-A2C64DC1E216}"
EndProject
Project("{FAE04EC0-301F-11D3-BF4B-00C04F79EFBC}") = "CSVfiletest", "CSVfiletest\CSVfiletest.csproj", "{C35B4D97-6DEC-46E3-B22F-8DB65CE59AA7}"
EndProject
Global
	GlobalSection(SolutionConfigurationPlatforms) = preSolution
		Debug|Any CPU = Debug|Any CPU
		Release|Any CPU = Release|Any CPU
	EndGlobalSection
	GlobalSection(ProjectConfigurationPlatforms) = postSolution
		{AD02AD8C-7CEB-45BA-97F0-39041705CF63}.Debug|Any CPU.ActiveCfg = Debug|Any CPU
		{AD02AD8C-7CEB-45BA-97F0-39041705CF63}.Debug|Any CPU.Build.0 = Debug|Any CPU
		{AD02AD8C-7CEB-45BA-97F0-39041705CF63}.Release|Any CPU.ActiveCfg = Release|Any CPU
		{AD02AD8C-7CEB-45BA-97F0-39041705CF63}.Release|Any CPU.Build.0 = Release|Any CPU
		{8E6D38C1-91D9-4336-8339-9E79C9BCC1B3}.Debug|Any CPU.ActiveCfg = Debug|Any CPU
		{8E6D38C1-91D9-4336-8339-9E79C9BCC1B3}.Debug|Any CPU.Build.0 = Debug|Any CPU
		{8E6D38C1-91D9-4336-8339-9E79C9BCC1B3}.Release|Any CPU.ActiveCfg = Release|Any CPU
		{8E6D38C1-91D9-4336-8339-9E79C9BCC1B3}.Release|Any CPU.Build.0 = Release|Any CPU
		{3A44B10E-712D-4942-9916-2E1508DFC451}.Debug|Any CPU.ActiveCfg = Debug|Any CPU
		{3A44B10E-712D-4942-9916-2E1508DFC451}.Debug|Any CPU.Build.0 = Debug|Any CPU
		{3A44B10E-712D-4942-9916-2E1508DFC451}.Release|Any CPU.ActiveCfg = Release|Any CPU
		{3A44B10E-712D-4942-9916-2E1508DFC451}.Release|Any CPU.Build.0 = Release|Any CPU
		{9B14B001-1D5D-49C0-A5F2-4E114C19683B}.Debug|Any CPU.ActiveCfg = Debug|Any CPU
		{9B14B001-1D5D-49C0-A5F2-4E114C19683B}.Debug|Any CPU.Build.0 = Debug|Any CPU
		{9B14B001-1D5D-49C0-A5F2-4E114C19683B}.Release|Any CPU.ActiveCfg = Release|Any CPU
		{9B14B001-1D5D-49C0-A5F2-4E114C19683B}.Release|Any CPU.Build.0 = Release|Any CPU
		{AF6B28B5-DD78-4A81-B02C-4963EE1D7A56}.Debug|Any CPU.ActiveCfg = Debug|Any CPU
		{AF6B28B5-DD78-4A81-B02C-4963EE1D7A56}.Debug|Any CPU.Build.0 = Debug|Any CPU
		{AF6B28B5-DD78-4A81-B02C-4963EE1D7A56}.Release|Any CPU.ActiveCfg = Release|Any CPU
		{AF6B28B5-DD78-4A81-B02C-4963EE1D7A56}.Release|Any CPU.Build.0 = Release|Any CPU
		{973B2F81-E3CD-412D-AB86-A2C4AC24A2B9}.Debug|Any CPU.ActiveCfg = Debug|Any CPU
		{973B2F81-E3CD-412D-AB86-A2C4AC24A2B9}.Debug|Any CPU.Build.0 = Debug|Any CPU
		{973B2F81-E3CD-412D-AB86-A2C4AC24A2B9}.Release|Any CPU.ActiveCfg = Release|Any CPU
		{973B2F81-E3CD-412D-AB86-A2C4AC24A2B9}.Release|Any CPU.Build.0 = Release|Any CPU
		{CE104A7E-50A9-442D-8923-A2C64DC1E216}.Debug|Any CPU.ActiveCfg = Debug|Any CPU
		{CE104A7E-50A9-442D-8923-A2C64DC1E216}.Debug|Any CPU.Build.0 = Debug|Any CPU
		{CE104A7E-50A9-442D-8923-A2C64DC1E216}.Release|Any CPU.ActiveCfg = Release|Any CPU
		{CE104A7E-50A9-442D-8923-A2C64DC1E216}.Release|Any CPU.Build.0 = Release|Any CPU
		{C35B4D97-6DEC-46E3-B22F-8DB65CE59AA7}.Debug|Any CPU.ActiveCfg = Debug|Any CPU
		{C35B4D97-6DEC-46E3-B22F-8DB65CE59AA7}.Debug|Any CPU.Build.0 = Debug|Any CPU
		{C35B4D97-6DEC-46E3-B22F-8DB65CE59AA7}.Release|Any CPU.ActiveCfg = Release|Any CPU
		{C35B4D97-6DEC-46E3-B22F-8DB65CE59AA7}.Release|Any CPU.Build.0 = Release|Any CPU
	EndGlobalSection
	GlobalSection(SolutionProperties) = preSolution
		HideSolutionNode = FALSE
	EndGlobalSection
	GlobalSection(NestedProjects) = preSolution
		{9B14B001-1D5D-49C0-A5F2-4E114C19683B} = {D17005E6-3563-44A3-9CB3-7771E07C0AB6}
		{AF6B28B5-DD78-4A81-B02C-4963EE1D7A56} = {D17005E6-3563-44A3-9CB3-7771E07C0AB6}
		{973B2F81-E3CD-412D-AB86-A2C4AC24A2B9} = {D17005E6-3563-44A3-9CB3-7771E07C0AB6}
		{CE104A7E-50A9-442D-8923-A2C64DC1E216} = {48B3AC66-8204-4FA4-9297-1910E943A1FC}
		{C35B4D97-6DEC-46E3-B22F-8DB65CE59AA7} = {48B3AC66-8204-4FA4-9297-1910E943A1FC}
	EndGlobalSection
EndGlobal
